{
  "name": "cabione-custom-order-designer",
  "version": "0.1.0",
  "lockfileVersion": 3,
  "requires": true,
  "packages": {
    "": {
      "name": "cabione-custom-order-designer",
      "version": "0.1.0",
      "dependencies": {
        "@node-projects/acad-ts": "^2.3.0"
      }
    },
    "node_modules/@node-projects/acad-ts": {
      "version": "2.3.0",
      "resolved": "https://registry.npmjs.org/@node-projects/acad-ts/-/acad-ts-2.3.0.tgz",
      "integrity": "sha512-qeEHH6apsBZPWVXx489ju0Qln/YyhIffREic+alksgj5F4KsaD+GAE96si1P8RNFbJbZQOSG85bo0749MpzCDA==",
      "license": "MIT"
    }
  }
}
